
Microsoft Visual Studio Solution File, Format Version 12.00
# Visual Studio Version 17
VisualStudioVersion = 17.13.35825.156
MinimumVisualStudioVersion = 10.0.40219.1
Project("{8BC9CEB8-8B4A-11D0-8D11-00A0C91BC942}") = "chap01", "Programming0\Programming0.vcxproj", "{42DC69D2-B461-48AF-84E6-B497E7D90EDD}"
EndProject
Project("{8BC9CEB8-8B4A-11D0-8D11-00A0C91BC942}") = "chap02", "chap02\chap02.vcxproj", "{DCF6B37B-B061-4CF9-B906-9F1EE67F961E}"
EndProject
Project("{8BC9CEB8-8B4A-11D0-8D11-00A0C91BC942}") = "chap03", "chap03\chap03.vcxproj", "{3E3FB359-60D4-4B53-8EC1-76EA53961CD8}"
EndProject
Project("{8BC9CEB8-8B4A-11D0-8D11-00A0C91BC942}") = "chap04", "Chap04\Chap04.vcxproj", "{1C09664C-4F15-48F7-BEDF-FC73B9794A7B}"
EndProject
Project("{8BC9CEB8-8B4A-11D0-8D11-00A0C91BC942}") = "chap05", "chap05\chap05.vcxproj", "{600F805C-F984-40B4-B1BA-72F6F92FA2DC}"
EndProject
Project("{8BC9CEB8-8B4A-11D0-8D11-00A0C91BC942}") = "chap06", "chap06\chap06.vcxproj", "{0E778AA1-15EE-4FDD-8C74-F4658AB8DD95}"
EndProject
Global
	GlobalSection(SolutionConfigurationPlatforms) = preSolution
		Debug|x64 = Debug|x64
		Debug|x86 = Debug|x86
		Release|x64 = Release|x64
		Release|x86 = Release|x86
	EndGlobalSection
	GlobalSection(ProjectConfigurationPlatforms) = postSolution
		{42DC69D2-B461-48AF-84E6-B497E7D90EDD}.Debug|x64.ActiveCfg = Debug|x64
		{42DC69D2-B461-48AF-84E6-B497E7D90EDD}.Debug|x64.Build.0 = Debug|x64
		{42DC69D2-B461-48AF-84E6-B497E7D90EDD}.Debug|x86.ActiveCfg = Debug|Win32
		{42DC69D2-B461-48AF-84E6-B497E7D90EDD}.Debug|x86.Build.0 = Debug|Win32
		{42DC69D2-B461-48AF-84E6-B497E7D90EDD}.Release|x64.ActiveCfg = Release|x64
		{42DC69D2-B461-48AF-84E6-B497E7D90EDD}.Release|x64.Build.0 = Release|x64
		{42DC69D2-B461-48AF-84E6-B497E7D90EDD}.Release|x86.ActiveCfg = Release|Win32
		{42DC69D2-B461-48AF-84E6-B497E7D90EDD}.Release|x86.Build.0 = Release|Win32
		{DCF6B37B-B061-4CF9-B906-9F1EE67F961E}.Debug|x64.ActiveCfg = Debug|x64
		{DCF6B37B-B061-4CF9-B906-9F1EE67F961E}.Debug|x64.Build.0 = Debug|x64
		{DCF6B37B-B061-4CF9-B906-9F1EE67F961E}.Debug|x86.ActiveCfg = Debug|Win32
		{DCF6B37B-B061-4CF9-B906-9F1EE67F961E}.Debug|x86.Build.0 = Debug|Win32
		{DCF6B37B-B061-4CF9-B906-9F1EE67F961E}.Release|x64.ActiveCfg = Release|x64
		{DCF6B37B-B061-4CF9-B906-9F1EE67F961E}.Release|x64.Build.0 = Release|x64
		{DCF6B37B-B061-4CF9-B906-9F1EE67F961E}.Release|x86.ActiveCfg = Release|Win32
		{DCF6B37B-B061-4CF9-B906-9F1EE67F961E}.Release|x86.Build.0 = Release|Win32
		{3E3FB359-60D4-4B53-8EC1-76EA53961CD8}.Debug|x64.ActiveCfg = Debug|x64
		{3E3FB359-60D4-4B53-8EC1-76EA53961CD8}.Debug|x64.Build.0 = Debug|x64
		{3E3FB359-60D4-4B53-8EC1-76EA53961CD8}.Debug|x86.ActiveCfg = Debug|Win32
		{3E3FB359-60D4-4B53-8EC1-76EA53961CD8}.Debug|x86.Build.0 = Debug|Win32
		{3E3FB359-60D4-4B53-8EC1-76EA53961CD8}.Release|x64.ActiveCfg = Release|x64
		{3E3FB359-60D4-4B53-8EC1-76EA53961CD8}.Release|x64.Build.0 = Release|x64
		{3E3FB359-60D4-4B53-8EC1-76EA53961CD8}.Release|x86.ActiveCfg = Release|Win32
		{3E3FB359-60D4-4B53-8EC1-76EA53961CD8}.Release|x86.Build.0 = Release|Win32
		{1C09664C-4F15-48F7-BEDF-FC73B9794A7B}.Debug|x64.ActiveCfg = Debug|x64
		{1C09664C-4F15-48F7-BEDF-FC73B9794A7B}.Debug|x64.Build.0 = Debug|x64
		{1C09664C-4F15-48F7-BEDF-FC73B9794A7B}.Debug|x86.ActiveCfg = Debug|Win32
		{1C09664C-4F15-48F7-BEDF-FC73B9794A7B}.Debug|x86.Build.0 = Debug|Win32
		{1C09664C-4F15-48F7-BEDF-FC73B9794A7B}.Release|x64.ActiveCfg = Release|x64
		{1C09664C-4F15-48F7-BEDF-FC73B9794A7B}.Release|x64.Build.0 = Release|x64
		{1C09664C-4F15-48F7-BEDF-FC73B9794A7B}.Release|x86.ActiveCfg = Release|Win32
		{1C09664C-4F15-48F7-BEDF-FC73B9794A7B}.Release|x86.Build.0 = Release|Win32
		{600F805C-F984-40B4-B1BA-72F6F92FA2DC}.Debug|x64.ActiveCfg = Debug|x64
		{600F805C-F984-40B4-B1BA-72F6F92FA2DC}.Debug|x64.Build.0 = Debug|x64
		{600F805C-F984-40B4-B1BA-72F6F92FA2DC}.Debug|x86.ActiveCfg = Debug|Win32
		{600F805C-F984-40B4-B1BA-72F6F92FA2DC}.Debug|x86.Build.0 = Debug|Win32
		{600F805C-F984-40B4-B1BA-72F6F92FA2DC}.Release|x64.ActiveCfg = Release|x64
		{600F805C-F984-40B4-B1BA-72F6F92FA2DC}.Release|x64.Build.0 = Release|x64
		{600F805C-F984-40B4-B1BA-72F6F92FA2DC}.Release|x86.ActiveCfg = Release|Win32
		{600F805C-F984-40B4-B1BA-72F6F92FA2DC}.Release|x86.Build.0 = Release|Win32
		{0E778AA1-15EE-4FDD-8C74-F4658AB8DD95}.Debug|x64.ActiveCfg = Debug|x64
		{0E778AA1-15EE-4FDD-8C74-F4658AB8DD95}.Debug|x64.Build.0 = Debug|x64
		{0E778AA1-15EE-4FDD-8C74-F4658AB8DD95}.Debug|x86.ActiveCfg = Debug|Win32
		{0E778AA1-15EE-4FDD-8C74-F4658AB8DD95}.Debug|x86.Build.0 = Debug|Win32
		{0E778AA1-15EE-4FDD-8C74-F4658AB8DD95}.Release|x64.ActiveCfg = Release|x64
		{0E778AA1-15EE-4FDD-8C74-F4658AB8DD95}.Release|x64.Build.0 = Release|x64
		{0E778AA1-15EE-4FDD-8C74-F4658AB8DD95}.Release|x86.ActiveCfg = Release|Win32
		{0E778AA1-15EE-4FDD-8C74-F4658AB8DD95}.Release|x86.Build.0 = Release|Win32
	EndGlobalSection
	GlobalSection(SolutionProperties) = preSolution
		HideSolutionNode = FALSE
	EndGlobalSection
	GlobalSection(ExtensibilityGlobals) = postSolution
		SolutionGuid = {91459A89-57FC-4294-87D3-9832D645757E}
	EndGlobalSection
EndGlobal
